
Microsoft Visual Studio Solution File, Format Version 12.00
# Visual Studio Version 16
VisualStudioVersion = 16.0.30011.22
MinimumVisualStudioVersion = 10.0.40219.1
Project("{8BC9CEB8-8B4A-11D0-8D11-00A0C91BC942}") = "VirtualKeyBoardMouseConfigTool", "VirtualKeyBoardMouseConfigTool.vcxproj", "{F67F6560-58A6-40B1-ADCF-081456F0EF51}"
EndProject
Global
	GlobalSection(SolutionConfigurationPlatforms) = preSolution
		Debug|x64 = Debug|x64
		Debug|x86 = Debug|x86
		Release|x64 = Release|x64
		Release|x86 = Release|x86
	EndGlobalSection
	GlobalSection(ProjectConfigurationPlatforms) = postSolution
		{F67F6560-58A6-40B1-ADCF-081456F0EF51}.Debug|x64.ActiveCfg = Debug|x64
		{F67F6560-58A6-40B1-ADCF-081456F0EF51}.Debug|x64.Build.0 = Debug|x64
		{F67F6560-58A6-40B1-ADCF-081456F0EF51}.Debug|x86.ActiveCfg = Debug|Win32
		{F67F6560-58A6-40B1-ADCF-081456F0EF51}.Debug|x86.Build.0 = Debug|Win32
		{F67F6560-58A6-40B1-ADCF-081456F0EF51}.Release|x64.ActiveCfg = Release|x64
		{F67F6560-58A6-40B1-ADCF-081456F0EF51}.Release|x64.Build.0 = Release|x64
		{F67F6560-58A6-40B1-ADCF-081456F0EF51}.Release|x86.ActiveCfg = Release|Win32
		{F67F6560-58A6-40B1-ADCF-081456F0EF51}.Release|x86.Build.0 = Release|Win32
	EndGlobalSection
	GlobalSection(SolutionProperties) = preSolution
		HideSolutionNode = FALSE
	EndGlobalSection
	GlobalSection(ExtensibilityGlobals) = postSolution
		SolutionGuid = {DCD85F66-6BA0-4CDE-92E1-237CF5575CC6}
	EndGlobalSection
EndGlobal
